#MicroXplorer Configuration settings - do not modify
Dma.Request0=USART1_RX
Dma.Request1=USART3_RX
Dma.Request2=USART2_RX
Dma.RequestsNb=3
Dma.USART1_RX.0.Direction=DMA_PERIPH_TO_MEMORY
Dma.USART1_RX.0.Instance=DMA1_Channel5
Dma.USART1_RX.0.MemDataAlignment=DMA_MDATAALIGN_BYTE
Dma.USART1_RX.0.MemInc=DMA_MINC_ENABLE
Dma.USART1_RX.0.Mode=DMA_NORMAL
Dma.USART1_RX.0.PeriphDataAlignment=DMA_PDATAALIGN_BYTE
Dma.USART1_RX.0.PeriphInc=DMA_PINC_DISABLE
Dma.USART1_RX.0.Priority=DMA_PRIORITY_LOW
Dma.USART1_RX.0.RequestParameters=Instance,Direction,PeriphInc,MemInc,PeriphDataAlignment,MemDataAlignment,Mode,Priority
Dma.USART2_RX.2.Direction=DMA_PERIPH_TO_MEMORY
Dma.USART2_RX.2.Instance=DMA1_Channel6
Dma.USART2_RX.2.MemDataAlignment=DMA_MDATAALIGN_BYTE
Dma.USART2_RX.2.MemInc=DMA_MINC_ENABLE
Dma.USART2_RX.2.Mode=DMA_NORMAL
Dma.USART2_RX.2.PeriphDataAlignment=DMA_PDATAALIGN_BYTE
Dma.USART2_RX.2.PeriphInc=DMA_PINC_DISABLE
Dma.USART2_RX.2.Priority=DMA_PRIORITY_LOW
Dma.USART2_RX.2.RequestParameters=Instance,Direction,PeriphInc,MemInc,PeriphDataAlignment,MemDataAlignment,Mode,Priority
Dma.USART3_RX.1.Direction=DMA_PERIPH_TO_MEMORY
Dma.USART3_RX.1.Instance=DMA1_Channel3
Dma.USART3_RX.1.MemDataAlignment=DMA_MDATAALIGN_BYTE
Dma.USART3_RX.1.MemInc=DMA_MINC_ENABLE
Dma.USART3_RX.1.Mode=DMA_NORMAL
Dma.USART3_RX.1.PeriphDataAlignment=DMA_PDATAALIGN_BYTE
Dma.USART3_RX.1.PeriphInc=DMA_PINC_DISABLE
Dma.USART3_RX.1.Priority=DMA_PRIORITY_LOW
Dma.USART3_RX.1.RequestParameters=Instance,Direction,PeriphInc,MemInc,PeriphDataAlignment,MemDataAlignment,Mode,Priority
File.Version=6
GPIO.groupedBy=Group By Peripherals
IWDG.IPParameters=Prescaler,Reload
IWDG.Prescaler=IWDG_PRESCALER_16
IWDG.Reload=1250
KeepUserPlacement=false
Mcu.CPN=STM32F103VET6
Mcu.Family=STM32F1
Mcu.IP0=DMA
Mcu.IP1=IWDG
Mcu.IP10=USART3
Mcu.IP2=NVIC
Mcu.IP3=RCC
Mcu.IP4=SYS
Mcu.IP5=TIM2
Mcu.IP6=TIM3
Mcu.IP7=TIM4
Mcu.IP8=USART1
Mcu.IP9=USART2
Mcu.IPNb=11
Mcu.Name=STM32F103V(C-D-E)Tx
Mcu.Package=LQFP100
Mcu.Pin0=OSC_IN
Mcu.Pin1=OSC_OUT
Mcu.Pin10=PB0
Mcu.Pin11=PB1
Mcu.Pin12=PB10
Mcu.Pin13=PB11
Mcu.Pin14=PD8
Mcu.Pin15=PD9
Mcu.Pin16=PD10
Mcu.Pin17=PD11
Mcu.Pin18=PD12
Mcu.Pin19=PD13
Mcu.Pin2=PA0-WKUP
Mcu.Pin20=PD14
Mcu.Pin21=PD15
Mcu.Pin22=PC6
Mcu.Pin23=PC7
Mcu.Pin24=PC8
Mcu.Pin25=PC9
Mcu.Pin26=PA9
Mcu.Pin27=PA10
Mcu.Pin28=PA13
Mcu.Pin29=PA14
Mcu.Pin3=PA1
Mcu.Pin30=PD0
Mcu.Pin31=PD1
Mcu.Pin32=PD2
Mcu.Pin33=PD3
Mcu.Pin34=PD5
Mcu.Pin35=PD6
Mcu.Pin36=VP_IWDG_VS_IWDG
Mcu.Pin37=VP_SYS_VS_Systick
Mcu.Pin38=VP_TIM2_VS_ClockSourceINT
Mcu.Pin39=VP_TIM3_VS_ClockSourceINT
Mcu.Pin4=PA2
Mcu.Pin40=VP_TIM4_VS_ClockSourceINT
Mcu.Pin5=PA3
Mcu.Pin6=PA6
Mcu.Pin7=PA7
Mcu.Pin8=PC4
Mcu.Pin9=PC5
Mcu.PinsNb=41
Mcu.ThirdPartyNb=0
Mcu.UserConstants=TIM1_Prescaler,3;STEPMOTOR_TIM2_PERIOD,65535;STEPMOTOR_TIM3_PERIOD,65535;TIM3_Prescaler,3;TIM2_Prescaler,3;STEPMOTOR_TIM4_PERIOD,65535;TIM4_Prescaler,3
Mcu.UserName=STM32F103VETx
MxCube.Version=6.5.0
MxDb.Version=DB.6.0.50
NVIC.BusFault_IRQn=true\:0\:0\:false\:false\:true\:false\:false\:true
NVIC.DMA1_Channel3_IRQn=true\:0\:0\:false\:false\:true\:false\:true\:true
NVIC.DMA1_Channel5_IRQn=true\:0\:0\:false\:false\:true\:false\:true\:true
NVIC.DMA1_Channel6_IRQn=true\:0\:0\:false\:false\:true\:false\:true\:true
NVIC.DebugMonitor_IRQn=true\:0\:0\:false\:false\:true\:false\:false\:true
NVIC.ForceEnableDMAVector=true
NVIC.HardFault_IRQn=true\:0\:0\:false\:false\:true\:false\:false\:true
NVIC.MemoryManagement_IRQn=true\:0\:0\:false\:false\:true\:false\:false\:true
NVIC.NonMaskableInt_IRQn=true\:0\:0\:false\:false\:true\:false\:false\:true
NVIC.PendSV_IRQn=true\:0\:0\:false\:false\:true\:false\:false\:true
NVIC.PriorityGroup=NVIC_PRIORITYGROUP_4
NVIC.RCC_IRQn=true\:0\:0\:false\:false\:true\:true\:false\:true
NVIC.SVCall_IRQn=true\:0\:0\:false\:false\:true\:false\:false\:true
NVIC.SysTick_IRQn=true\:15\:0\:false\:false\:true\:false\:true\:true
NVIC.TIM2_IRQn=true\:0\:0\:false\:false\:true\:true\:true\:true
NVIC.TIM3_IRQn=true\:0\:0\:false\:false\:true\:true\:true\:true
NVIC.TIM4_IRQn=true\:0\:0\:false\:false\:true\:true\:true\:true
NVIC.USART1_IRQn=true\:0\:0\:false\:false\:true\:true\:true\:true
NVIC.USART2_IRQn=true\:0\:0\:false\:false\:true\:true\:true\:true
NVIC.USART3_IRQn=true\:0\:0\:false\:false\:true\:true\:true\:true
NVIC.UsageFault_IRQn=true\:0\:0\:false\:false\:true\:false\:false\:true
OSC_IN.Mode=HSE-External-Oscillator
OSC_IN.Signal=RCC_OSC_IN
OSC_OUT.Mode=HSE-External-Oscillator
OSC_OUT.Signal=RCC_OSC_OUT
PA0-WKUP.GPIOParameters=GPIO_Speed,GPIO_Label
PA0-WKUP.GPIO_Label=m1p
PA0-WKUP.GPIO_Speed=GPIO_SPEED_FREQ_HIGH
PA0-WKUP.Signal=S_TIM2_CH1_ETR
PA1.GPIOParameters=GPIO_Speed,GPIO_Label
PA1.GPIO_Label=m2p
PA1.GPIO_Speed=GPIO_SPEED_FREQ_HIGH
PA1.Locked=true
PA1.Signal=S_TIM2_CH2
PA10.Mode=Asynchronous
PA10.Signal=USART1_RX
PA13.Mode=Serial_Wire
PA13.Signal=SYS_JTMS-SWDIO
PA14.Mode=Serial_Wire
PA14.Signal=SYS_JTCK-SWCLK
PA2.GPIOParameters=GPIO_Speed,GPIO_Label
PA2.GPIO_Label=m3p
PA2.GPIO_Speed=GPIO_SPEED_FREQ_HIGH
PA2.Locked=true
PA2.Signal=S_TIM2_CH3
PA3.GPIOParameters=GPIO_Speed,GPIO_Label
PA3.GPIO_Label=m4p
PA3.GPIO_Speed=GPIO_SPEED_FREQ_HIGH
PA3.Locked=true
PA3.Signal=S_TIM2_CH4
PA6.GPIOParameters=GPIO_Speed,GPIO_Label
PA6.GPIO_Label=m5p
PA6.GPIO_Speed=GPIO_SPEED_FREQ_HIGH
PA6.Signal=S_TIM3_CH1
PA7.GPIOParameters=GPIO_Speed,GPIO_Label
PA7.GPIO_Label=m6p
PA7.GPIO_Speed=GPIO_SPEED_FREQ_HIGH
PA7.Signal=S_TIM3_CH2
PA9.Mode=Asynchronous
PA9.Signal=USART1_TX
PB0.GPIOParameters=GPIO_Speed,GPIO_Label
PB0.GPIO_Label=m7p
PB0.GPIO_Speed=GPIO_SPEED_FREQ_HIGH
PB0.Signal=S_TIM3_CH3
PB1.GPIOParameters=GPIO_Speed,GPIO_Label
PB1.GPIO_Label=m8p
PB1.GPIO_Speed=GPIO_SPEED_FREQ_HIGH
PB1.Signal=S_TIM3_CH4
PB10.GPIOParameters=GPIO_Label
PB10.GPIO_Label=TX_485
PB10.Mode=Asynchronous
PB10.Signal=USART3_TX
PB11.GPIOParameters=GPIO_Label
PB11.GPIO_Label=RX_485
PB11.Mode=Asynchronous
PB11.Signal=USART3_RX
PC4.GPIOParameters=GPIO_Speed,GPIO_Label
PC4.GPIO_Label=DE_485
PC4.GPIO_Speed=GPIO_SPEED_FREQ_HIGH
PC4.Locked=true
PC4.Signal=GPIO_Output
PC5.GPIOParameters=GPIO_Speed,GPIO_Label
PC5.GPIO_Label=RE_485
PC5.GPIO_Speed=GPIO_SPEED_FREQ_HIGH
PC5.Locked=true
PC5.Signal=GPIO_Output
PC6.GPIOParameters=GPIO_Speed,GPIO_Label
PC6.GPIO_Label=m5d
PC6.GPIO_Speed=GPIO_SPEED_FREQ_HIGH
PC6.Locked=true
PC6.Signal=GPIO_Output
PC7.GPIOParameters=GPIO_Speed,GPIO_Label
PC7.GPIO_Label=m6d
PC7.GPIO_Speed=GPIO_SPEED_FREQ_HIGH
PC7.Locked=true
PC7.Signal=GPIO_Output
PC8.GPIOParameters=GPIO_Speed,GPIO_Label
PC8.GPIO_Label=m7d
PC8.GPIO_Speed=GPIO_SPEED_FREQ_HIGH
PC8.Locked=true
PC8.Signal=GPIO_Output
PC9.GPIOParameters=GPIO_Speed,GPIO_Label
PC9.GPIO_Label=m8d
PC9.GPIO_Speed=GPIO_SPEED_FREQ_HIGH
PC9.Locked=true
PC9.Signal=GPIO_Output
PD0.GPIOParameters=GPIO_Speed,GPIO_Label
PD0.GPIO_Label=m1d
PD0.GPIO_Speed=GPIO_SPEED_FREQ_HIGH
PD0.Locked=true
PD0.Signal=GPIO_Output
PD1.GPIOParameters=GPIO_Speed,GPIO_Label
PD1.GPIO_Label=m2d
PD1.GPIO_Speed=GPIO_SPEED_FREQ_HIGH
PD1.Locked=true
PD1.Signal=GPIO_Output
PD10.GPIOParameters=GPIO_Speed,GPIO_Label
PD10.GPIO_Label=m11d
PD10.GPIO_Speed=GPIO_SPEED_FREQ_HIGH
PD10.Locked=true
PD10.Signal=GPIO_Output
PD11.GPIOParameters=GPIO_Speed,GPIO_Label
PD11.GPIO_Label=m12d
PD11.GPIO_Speed=GPIO_SPEED_FREQ_HIGH
PD11.Locked=true
PD11.Signal=GPIO_Output
PD12.GPIOParameters=GPIO_Speed,GPIO_Label
PD12.GPIO_Label=m9p
PD12.GPIO_Speed=GPIO_SPEED_FREQ_HIGH
PD12.Signal=S_TIM4_CH1
PD13.GPIOParameters=GPIO_Speed,GPIO_Label
PD13.GPIO_Label=m10p
PD13.GPIO_Speed=GPIO_SPEED_FREQ_HIGH
PD13.Signal=S_TIM4_CH2
PD14.GPIOParameters=GPIO_Speed,GPIO_Label
PD14.GPIO_Label=m11p
PD14.GPIO_Speed=GPIO_SPEED_FREQ_HIGH
PD14.Signal=S_TIM4_CH3
PD15.GPIOParameters=GPIO_Speed,GPIO_Label
PD15.GPIO_Label=m12p
PD15.GPIO_Speed=GPIO_SPEED_FREQ_HIGH
PD15.Signal=S_TIM4_CH4
PD2.GPIOParameters=GPIO_Speed,GPIO_Label
PD2.GPIO_Label=m3d
PD2.GPIO_Speed=GPIO_SPEED_FREQ_HIGH
PD2.Locked=true
PD2.Signal=GPIO_Output
PD3.GPIOParameters=GPIO_Speed,GPIO_Label
PD3.GPIO_Label=m4d
PD3.GPIO_Speed=GPIO_SPEED_FREQ_HIGH
PD3.Locked=true
PD3.Signal=GPIO_Output
PD5.Locked=true
PD5.Mode=Asynchronous
PD5.Signal=USART2_TX
PD6.Locked=true
PD6.Mode=Asynchronous
PD6.Signal=USART2_RX
PD8.GPIOParameters=GPIO_Speed,GPIO_Label
PD8.GPIO_Label=m9d
PD8.GPIO_Speed=GPIO_SPEED_FREQ_HIGH
PD8.Locked=true
PD8.Signal=GPIO_Output
PD9.GPIOParameters=GPIO_Speed,GPIO_Label
PD9.GPIO_Label=m10d
PD9.GPIO_Speed=GPIO_SPEED_FREQ_HIGH
PD9.Locked=true
PD9.Signal=GPIO_Output
PinOutPanel.RotationAngle=0
ProjectManager.AskForMigrate=true
ProjectManager.BackupPrevious=true
ProjectManager.CompilerOptimize=6
ProjectManager.ComputerToolchain=false
ProjectManager.CoupleFile=true
ProjectManager.CustomerFirmwarePackage=
ProjectManager.DefaultFWLocation=true
ProjectManager.DeletePrevious=true
ProjectManager.DeviceId=STM32F103VETx
ProjectManager.FirmwarePackage=STM32Cube FW_F1 V1.8.5
ProjectManager.FreePins=false
ProjectManager.HalAssertFull=false
ProjectManager.HeapSize=0x200
ProjectManager.KeepUserCode=true
ProjectManager.LastFirmware=true
ProjectManager.LibraryCopy=1
ProjectManager.MainLocation=Core/Src
ProjectManager.NoMain=false
ProjectManager.PreviousToolchain=
ProjectManager.ProjectBuild=false
ProjectManager.ProjectFileName=Lifting platform.ioc
ProjectManager.ProjectName=Lifting platform
ProjectManager.RegisterCallBack=
ProjectManager.StackSize=0x400
ProjectManager.TargetToolchain=MDK-ARM V5.32
ProjectManager.ToolChainLocation=
ProjectManager.UnderRoot=false
ProjectManager.functionlistsort=1-SystemClock_Config-RCC-false-HAL-false,2-MX_GPIO_Init-GPIO-false-HAL-true,3-MX_DMA_Init-DMA-false-HAL-true,4-MX_TIM2_Init-TIM2-false-HAL-true,5-MX_USART1_UART_Init-USART1-false-HAL-true,6-MX_TIM3_Init-TIM3-false-HAL-true,7-MX_IWDG_Init-IWDG-false-HAL-true,8-MX_USART3_UART_Init-USART3-false-HAL-true,9-MX_TIM4_Init-TIM4-false-HAL-true,10-MX_USART2_UART_Init-USART2-false-HAL-true
RCC.ADCFreqValue=36000000
RCC.AHBFreq_Value=72000000
RCC.APB1CLKDivider=RCC_HCLK_DIV2
RCC.APB1Freq_Value=36000000
RCC.APB1TimFreq_Value=72000000
RCC.APB2Freq_Value=72000000
RCC.APB2TimFreq_Value=72000000
RCC.FCLKCortexFreq_Value=72000000
RCC.FSMCFreq_Value=72000000
RCC.FamilyName=M
RCC.HCLKFreq_Value=72000000
RCC.I2S2Freq_Value=72000000
RCC.I2S3Freq_Value=72000000
RCC.IPParameters=ADCFreqValue,AHBFreq_Value,APB1CLKDivider,APB1Freq_Value,APB1TimFreq_Value,APB2Freq_Value,APB2TimFreq_Value,FCLKCortexFreq_Value,FSMCFreq_Value,FamilyName,HCLKFreq_Value,I2S2Freq_Value,I2S3Freq_Value,MCOFreq_Value,PLLCLKFreq_Value,PLLMCOFreq_Value,PLLMUL,PLLSourceVirtual,SDIOFreq_Value,SDIOHCLKDiv2FreqValue,SYSCLKFreq_VALUE,SYSCLKSource,TimSysFreq_Value,USBFreq_Value,VCOOutput2Freq_Value
RCC.MCOFreq_Value=72000000
RCC.PLLCLKFreq_Value=72000000
RCC.PLLMCOFreq_Value=36000000
RCC.PLLMUL=RCC_PLL_MUL9
RCC.PLLSourceVirtual=RCC_PLLSOURCE_HSE
RCC.SDIOFreq_Value=72000000
RCC.SDIOHCLKDiv2FreqValue=36000000
RCC.SYSCLKFreq_VALUE=72000000
RCC.SYSCLKSource=RCC_SYSCLKSOURCE_PLLCLK
RCC.TimSysFreq_Value=72000000
RCC.USBFreq_Value=72000000
RCC.VCOOutput2Freq_Value=8000000
SH.S_TIM2_CH1_ETR.0=TIM2_CH1,Output Compare1 CH1
SH.S_TIM2_CH1_ETR.ConfNb=1
SH.S_TIM2_CH2.0=TIM2_CH2,Output Compare2 CH2
SH.S_TIM2_CH2.ConfNb=1
SH.S_TIM2_CH3.0=TIM2_CH3,Output Compare3 CH3
SH.S_TIM2_CH3.ConfNb=1
SH.S_TIM2_CH4.0=TIM2_CH4,Output Compare4 CH4
SH.S_TIM2_CH4.ConfNb=1
SH.S_TIM3_CH1.0=TIM3_CH1,Output Compare1 CH1
SH.S_TIM3_CH1.ConfNb=1
SH.S_TIM3_CH2.0=TIM3_CH2,Output Compare2 CH2
SH.S_TIM3_CH2.ConfNb=1
SH.S_TIM3_CH3.0=TIM3_CH3,Output Compare3 CH3
SH.S_TIM3_CH3.ConfNb=1
SH.S_TIM3_CH4.0=TIM3_CH4,Output Compare4 CH4
SH.S_TIM3_CH4.ConfNb=1
SH.S_TIM4_CH1.0=TIM4_CH1,Output Compare1 CH1
SH.S_TIM4_CH1.ConfNb=1
SH.S_TIM4_CH2.0=TIM4_CH2,Output Compare2 CH2
SH.S_TIM4_CH2.ConfNb=1
SH.S_TIM4_CH3.0=TIM4_CH3,Output Compare3 CH3
SH.S_TIM4_CH3.ConfNb=1
SH.S_TIM4_CH4.0=TIM4_CH4,Output Compare4 CH4
SH.S_TIM4_CH4.ConfNb=1
TIM2.AutoReloadPreload=TIM_AUTORELOAD_PRELOAD_DISABLE
TIM2.Channel-Output\ Compare1\ CH1=TIM_CHANNEL_1
TIM2.Channel-Output\ Compare2\ CH2=TIM_CHANNEL_2
TIM2.Channel-Output\ Compare3\ CH3=TIM_CHANNEL_3
TIM2.Channel-Output\ Compare4\ CH4=TIM_CHANNEL_4
TIM2.IPParameters=AutoReloadPreload,Prescaler,Period,Channel-Output Compare1 CH1,Channel-Output Compare2 CH2,Channel-Output Compare3 CH3,Channel-Output Compare4 CH4,OCMode_1,OCMode_2,OCMode_3,OCMode_4,OCPolarity_1,Pulse-Output Compare1 CH1,Pulse-Output Compare2 CH2,Pulse-Output Compare3 CH3,Pulse-Output Compare4 CH4,OCPolarity_2,OCPolarity_3,OCPolarity_4
TIM2.OCMode_1=TIM_OCMODE_TOGGLE
TIM2.OCMode_2=TIM_OCMODE_TOGGLE
TIM2.OCMode_3=TIM_OCMODE_TOGGLE
TIM2.OCMode_4=TIM_OCMODE_TOGGLE
TIM2.OCPolarity_1=TIM_OCPOLARITY_LOW
TIM2.OCPolarity_2=TIM_OCPOLARITY_LOW
TIM2.OCPolarity_3=TIM_OCPOLARITY_LOW
TIM2.OCPolarity_4=TIM_OCPOLARITY_LOW
TIM2.Period=STEPMOTOR_TIM2_PERIOD
TIM2.Prescaler=TIM2_Prescaler
TIM2.Pulse-Output\ Compare1\ CH1=STEPMOTOR_TIM2_PERIOD
TIM2.Pulse-Output\ Compare2\ CH2=STEPMOTOR_TIM2_PERIOD
TIM2.Pulse-Output\ Compare3\ CH3=STEPMOTOR_TIM2_PERIOD
TIM2.Pulse-Output\ Compare4\ CH4=STEPMOTOR_TIM2_PERIOD
TIM3.AutoReloadPreload=TIM_AUTORELOAD_PRELOAD_DISABLE
TIM3.Channel-Output\ Compare1\ CH1=TIM_CHANNEL_1
TIM3.Channel-Output\ Compare2\ CH2=TIM_CHANNEL_2
TIM3.Channel-Output\ Compare3\ CH3=TIM_CHANNEL_3
TIM3.Channel-Output\ Compare4\ CH4=TIM_CHANNEL_4
TIM3.IPParameters=Prescaler,Period,AutoReloadPreload,Channel-Output Compare1 CH1,Channel-Output Compare2 CH2,Channel-Output Compare3 CH3,Channel-Output Compare4 CH4,OCMode_1,OCMode_2,OCMode_3,OCMode_4,Pulse-Output Compare1 CH1,Pulse-Output Compare2 CH2,Pulse-Output Compare3 CH3,Pulse-Output Compare4 CH4,OCPolarity_1,OCPolarity_2,OCPolarity_3,OCPolarity_4
TIM3.OCMode_1=TIM_OCMODE_TOGGLE
TIM3.OCMode_2=TIM_OCMODE_TOGGLE
TIM3.OCMode_3=TIM_OCMODE_TOGGLE
TIM3.OCMode_4=TIM_OCMODE_TOGGLE
TIM3.OCPolarity_1=TIM_OCPOLARITY_LOW
TIM3.OCPolarity_2=TIM_OCPOLARITY_LOW
TIM3.OCPolarity_3=TIM_OCPOLARITY_LOW
TIM3.OCPolarity_4=TIM_OCPOLARITY_LOW
TIM3.Period=STEPMOTOR_TIM3_PERIOD
TIM3.Prescaler=TIM3_Prescaler
TIM3.Pulse-Output\ Compare1\ CH1=STEPMOTOR_TIM3_PERIOD
TIM3.Pulse-Output\ Compare2\ CH2=STEPMOTOR_TIM3_PERIOD
TIM3.Pulse-Output\ Compare3\ CH3=STEPMOTOR_TIM3_PERIOD
TIM3.Pulse-Output\ Compare4\ CH4=STEPMOTOR_TIM3_PERIOD
TIM4.Channel-Output\ Compare1\ CH1=TIM_CHANNEL_1
TIM4.Channel-Output\ Compare2\ CH2=TIM_CHANNEL_2
TIM4.Channel-Output\ Compare3\ CH3=TIM_CHANNEL_3
TIM4.Channel-Output\ Compare4\ CH4=TIM_CHANNEL_4
TIM4.IPParameters=Channel-Output Compare2 CH2,Channel-Output Compare1 CH1,Channel-Output Compare3 CH3,Channel-Output Compare4 CH4,Prescaler,Period,OCMode_1,Pulse-Output Compare1 CH1,OCMode_2,Pulse-Output Compare2 CH2,OCMode_3,Pulse-Output Compare3 CH3,OCMode_4,Pulse-Output Compare4 CH4
TIM4.OCMode_1=TIM_OCMODE_TOGGLE
TIM4.OCMode_2=TIM_OCMODE_TOGGLE
TIM4.OCMode_3=TIM_OCMODE_TOGGLE
TIM4.OCMode_4=TIM_OCMODE_TOGGLE
TIM4.Period=STEPMOTOR_TIM4_PERIOD
TIM4.Prescaler=TIM4_Prescaler
TIM4.Pulse-Output\ Compare1\ CH1=STEPMOTOR_TIM4_PERIOD
TIM4.Pulse-Output\ Compare2\ CH2=STEPMOTOR_TIM4_PERIOD
TIM4.Pulse-Output\ Compare3\ CH3=STEPMOTOR_TIM4_PERIOD
TIM4.Pulse-Output\ Compare4\ CH4=STEPMOTOR_TIM4_PERIOD
USART1.IPParameters=VirtualMode
USART1.VirtualMode=VM_ASYNC
USART2.IPParameters=VirtualMode
USART2.VirtualMode=VM_ASYNC
USART3.IPParameters=VirtualMode
USART3.VirtualMode=VM_ASYNC
VP_IWDG_VS_IWDG.Mode=IWDG_Activate
VP_IWDG_VS_IWDG.Signal=IWDG_VS_IWDG
VP_SYS_VS_Systick.Mode=SysTick
VP_SYS_VS_Systick.Signal=SYS_VS_Systick
VP_TIM2_VS_ClockSourceINT.Mode=Internal
VP_TIM2_VS_ClockSourceINT.Signal=TIM2_VS_ClockSourceINT
VP_TIM3_VS_ClockSourceINT.Mode=Internal
VP_TIM3_VS_ClockSourceINT.Signal=TIM3_VS_ClockSourceINT
VP_TIM4_VS_ClockSourceINT.Mode=Internal
VP_TIM4_VS_ClockSourceINT.Signal=TIM4_VS_ClockSourceINT
board=custom
